PODS:
  - Flutter (1.0.0)
  - maptest (0.0.1):
    - Flutter

DEPENDENCIES:
  - Flutter (from `Flutter`)
  - maptest (from `.symlinks/plugins/maptest/ios`)

EXTERNAL SOURCES:
  Flutter:
    :path: Flutter
  maptest:
    :path: ".symlinks/plugins/maptest/ios"

SPEC CHECKSUMS:
  Flutter: 0e3d915762c693b495b44d77113d4970485de6ec
  maptest: 206d71a14b4edcf383bf6d86c0713769dada0543

PODFILE CHECKSUM: aafe91acc616949ddb318b77800a7f51bffa2a4c

COCOAPODS: 1.9.1
